
Microsoft Visual Studio Solution File, Format Version 12.00
# Visual Studio Version 16
VisualStudioVersion = 16.0.31424.327
MinimumVisualStudioVersion = 10.0.40219.1
Project("{FAE04EC0-301F-11D3-BF4B-00C04F79EFBC}") = "ZeldaRemake", "ZeldaRemake\ZeldaRemake.csproj", "{86852C2B-DA19-4551-9838-77EA1F55C33F}"
EndProject
Global
	GlobalSection(SolutionConfigurationPlatforms) = preSolution
		Debug|Any CPU = Debug|Any CPU
		Release|Any CPU = Release|Any CPU
	EndGlobalSection
	GlobalSection(ProjectConfigurationPlatforms) = postSolution
		{86852C2B-DA19-4551-9838-77EA1F55C33F}.Debug|Any CPU.ActiveCfg = Debug|Any CPU
		{86852C2B-DA19-4551-9838-77EA1F55C33F}.Debug|Any CPU.Build.0 = Debug|Any CPU
		{86852C2B-DA19-4551-9838-77EA1F55C33F}.Release|Any CPU.ActiveCfg = Release|Any CPU
		{86852C2B-DA19-4551-9838-77EA1F55C33F}.Release|Any CPU.Build.0 = Release|Any CPU
	EndGlobalSection
	GlobalSection(SolutionProperties) = preSolution
		HideSolutionNode = FALSE
	EndGlobalSection
	GlobalSection(ExtensibilityGlobals) = postSolution
		SolutionGuid = {8731D34D-598B-44D1-B6C2-0CE292094929}
	EndGlobalSection
EndGlobal
